
Microsoft Visual Studio Solution File, Format Version 12.00
# Visual Studio Version 17
VisualStudioVersion = 17.0.32014.148
MinimumVisualStudioVersion = 10.0.40219.1
Project("{8BC9CEB8-8B4A-11D0-8D11-00A0C91BC942}") = "Gavin_Middleton_0102", "Gavin_Middleton_0102.vcxproj", "{F9887B2D-2A37-4765-A0F7-9A034D3F7C47}"
EndProject
Global
	GlobalSection(SolutionConfigurationPlatforms) = preSolution
		Debug|x64 = Debug|x64
		Debug|x86 = Debug|x86
		Release|x64 = Release|x64
		Release|x86 = Release|x86
	EndGlobalSection
	GlobalSection(ProjectConfigurationPlatforms) = postSolution
		{F9887B2D-2A37-4765-A0F7-9A034D3F7C47}.Debug|x64.ActiveCfg = Debug|x64
		{F9887B2D-2A37-4765-A0F7-9A034D3F7C47}.Debug|x64.Build.0 = Debug|x64
		{F9887B2D-2A37-4765-A0F7-9A034D3F7C47}.Debug|x86.ActiveCfg = Debug|Win32
		{F9887B2D-2A37-4765-A0F7-9A034D3F7C47}.Debug|x86.Build.0 = Debug|Win32
		{F9887B2D-2A37-4765-A0F7-9A034D3F7C47}.Release|x64.ActiveCfg = Release|x64
		{F9887B2D-2A37-4765-A0F7-9A034D3F7C47}.Release|x64.Build.0 = Release|x64
		{F9887B2D-2A37-4765-A0F7-9A034D3F7C47}.Release|x86.ActiveCfg = Release|Win32
		{F9887B2D-2A37-4765-A0F7-9A034D3F7C47}.Release|x86.Build.0 = Release|Win32
	EndGlobalSection
	GlobalSection(SolutionProperties) = preSolution
		HideSolutionNode = FALSE
	EndGlobalSection
	GlobalSection(ExtensibilityGlobals) = postSolution
		SolutionGuid = {FE5B64DA-442C-4F5A-B7B6-AC35E3687DDB}
	EndGlobalSection
EndGlobal
